<?xml version="1.0" encoding="UTF-8" standalone="yes" ?>
<CodeBlocks_project_file>
	<FileVersion major="1" minor="6" />
	<Project>
		<Option title="bilateral" />
		<Option pch_mode="2" />
		<Option compiler="gcc" />
		<Build>
			<Target title="Debug">
				<Option output="bin\Debug\bilateral" prefix_auto="1" extension_auto="1" />
				<Option object_output="obj\Debug\" />
				<Option type="1" />
				<Option compiler="gcc" />
				<Compiler>
					<Add option="-g" />
				</Compiler>
			</Target>
			<Target title="Release">
				<Option output="bin\Release\bilateral" prefix_auto="1" extension_auto="1" />
				<Option object_output="obj\Release\" />
				<Option type="1" />
				<Option compiler="gcc" />
				<Compiler>
					<Add option="-O2" />
				</Compiler>
				<Linker>
					<Add option="-s" />
				</Linker>
			</Target>
			<Target title="Debug - UnitTest">
				<Option output="bin\UnitTest-Debug\bilateral" prefix_auto="1" extension_auto="1" />
				<Option working_dir="bin\UnitTest-Debug\" />
				<Option object_output="obj\UnitTest-Debug\" />
				<Option type="1" />
				<Option compiler="gcc" />
				<Compiler>
					<Add option="-g" />
					<Add option="-DUNITTEST" />
					<Add directory="..\UnitTest++\src" />
				</Compiler>
				<Linker>
					<Add library="libUnitTest++.a" />
					<Add directory="..\UnitTest++\bin\Release" />
				</Linker>
				<ExtraCommands>
					<Add after='xcopy &quot;$(PROJECTDIR)\test_data\*.*&quot; &quot;$(TARGET_OUTPUT_DIR)&quot; /q/r/y' />
					<Mode after="always" />
				</ExtraCommands>
			</Target>
		</Build>
		<Compiler>
			<Add option="-Wall" />
			<Add option="-fexceptions" />
		</Compiler>
		<Unit filename="Graph.cpp" />
		<Unit filename="Graph.hpp" />
		<Unit filename="InternalTests\GraphTests.cpp">
			<Option target="Debug - UnitTest" />
		</Unit>
		<Unit filename="algorithms\Algorithm.hpp" />
		<Unit filename="algorithms\AlgorithmBase.cpp" />
		<Unit filename="algorithms\BaseAlgorithm.cpp" />
		<Unit filename="algorithms\BaseAlgorithm.h" />
		<Unit filename="main_default.cpp" />
		<Unit filename="main_unittests.cpp" />
		<Unit filename="shared\main.cpp" />
		<Unit filename="shared\main.h" />
		<Unit filename="shared\unittest.h" />
		<Unit filename="testhelper.cpp" />
		<Unit filename="testhelper.h" />
		<Extensions>
			<code_completion />
			<envvars />
			<debugger />
			<lib_finder disable_auto="1" />
		</Extensions>
	</Project>
</CodeBlocks_project_file>
